
Microsoft Visual Studio Solution File, Format Version 12.00
# Visual Studio Version 16
VisualStudioVersion = 16.0.30621.155
MinimumVisualStudioVersion = 10.0.40219.1
Project("{9A19103F-16F7-4668-BE54-9A1E7A4F7556}") = "BroadcastMessengerConsole", "BroadcastMessengerConsole\BroadcastMessengerConsole.csproj", "{FC689233-4BB1-4397-B539-8091CD9BE5CC}"
EndProject
Project("{9A19103F-16F7-4668-BE54-9A1E7A4F7556}") = "Client", "Client\Client.csproj", "{1708C416-ADF8-4CB5-BCB6-1BD080A61924}"
EndProject
Project("{9A19103F-16F7-4668-BE54-9A1E7A4F7556}") = "ClientServer", "ClientServer\ClientServer.csproj", "{16B94390-57E5-45DC-A768-A55C95C89307}"
EndProject
Global
	GlobalSection(SolutionConfigurationPlatforms) = preSolution
		Debug|Any CPU = Debug|Any CPU
		Release|Any CPU = Release|Any CPU
	EndGlobalSection
	GlobalSection(ProjectConfigurationPlatforms) = postSolution
		{FC689233-4BB1-4397-B539-8091CD9BE5CC}.Debug|Any CPU.ActiveCfg = Debug|Any CPU
		{FC689233-4BB1-4397-B539-8091CD9BE5CC}.Debug|Any CPU.Build.0 = Debug|Any CPU
		{FC689233-4BB1-4397-B539-8091CD9BE5CC}.Release|Any CPU.ActiveCfg = Release|Any CPU
		{FC689233-4BB1-4397-B539-8091CD9BE5CC}.Release|Any CPU.Build.0 = Release|Any CPU
		{1708C416-ADF8-4CB5-BCB6-1BD080A61924}.Debug|Any CPU.ActiveCfg = Debug|Any CPU
		{1708C416-ADF8-4CB5-BCB6-1BD080A61924}.Debug|Any CPU.Build.0 = Debug|Any CPU
		{1708C416-ADF8-4CB5-BCB6-1BD080A61924}.Release|Any CPU.ActiveCfg = Release|Any CPU
		{1708C416-ADF8-4CB5-BCB6-1BD080A61924}.Release|Any CPU.Build.0 = Release|Any CPU
		{16B94390-57E5-45DC-A768-A55C95C89307}.Debug|Any CPU.ActiveCfg = Debug|Any CPU
		{16B94390-57E5-45DC-A768-A55C95C89307}.Debug|Any CPU.Build.0 = Debug|Any CPU
		{16B94390-57E5-45DC-A768-A55C95C89307}.Release|Any CPU.ActiveCfg = Release|Any CPU
		{16B94390-57E5-45DC-A768-A55C95C89307}.Release|Any CPU.Build.0 = Release|Any CPU
	EndGlobalSection
	GlobalSection(SolutionProperties) = preSolution
		HideSolutionNode = FALSE
	EndGlobalSection
	GlobalSection(ExtensibilityGlobals) = postSolution
		SolutionGuid = {5103E3C7-12EB-4166-91A4-7584FB11D128}
	EndGlobalSection
EndGlobal
